
Microsoft Visual Studio Solution File, Format Version 12.00
# Visual Studio Version 17
VisualStudioVersion = 17.11.35327.3
MinimumVisualStudioVersion = 10.0.40219.1
Project("{FAE04EC0-301F-11D3-BF4B-00C04F79EFBC}") = "Assignment210", "Assignment210\Assignment210.csproj", "{4078DF35-0FC0-4EB2-8DDB-C28AADE04FCF}"
EndProject
Global
	GlobalSection(SolutionConfigurationPlatforms) = preSolution
		Debug|Any CPU = Debug|Any CPU
		Release|Any CPU = Release|Any CPU
	EndGlobalSection
	GlobalSection(ProjectConfigurationPlatforms) = postSolution
		{4078DF35-0FC0-4EB2-8DDB-C28AADE04FCF}.Debug|Any CPU.ActiveCfg = Debug|Any CPU
		{4078DF35-0FC0-4EB2-8DDB-C28AADE04FCF}.Debug|Any CPU.Build.0 = Debug|Any CPU
		{4078DF35-0FC0-4EB2-8DDB-C28AADE04FCF}.Release|Any CPU.ActiveCfg = Release|Any CPU
		{4078DF35-0FC0-4EB2-8DDB-C28AADE04FCF}.Release|Any CPU.Build.0 = Release|Any CPU
	EndGlobalSection
	GlobalSection(SolutionProperties) = preSolution
		HideSolutionNode = FALSE
	EndGlobalSection
	GlobalSection(ExtensibilityGlobals) = postSolution
		SolutionGuid = {9BF2A30E-E31D-473F-86A2-67DFD3DD81AB}
	EndGlobalSection
EndGlobal
